{
  "version": 1,
  "dependencies": {
    "net10.0": {
      "Microsoft.CodeAnalysis.BannedApiAnalyzers": {
        "type": "Direct",
        "requested": "[3.3.4, )",
        "resolved": "3.3.4",
        "contentHash": "0k2Jwpc8eq0hjOtX6TxRkHm9clkJ2PAQ3heEHgqIJZcsfdFosC/iyz18nsgTVDDWpID80rC7aiYK7ripx+Qndg=="
      },
      "MonoGame.Content.Builder.Task": {
        "type": "Direct",
        "requested": "[3.8.4.1, )",
        "resolved": "3.8.4.1",
        "contentHash": "jf6IZXMiOhuybRaWQt//u+804yzMRGk3ZRvlBJG/0iusRwTunJsQvA6tMMJJc7gjUrY6rUkzRqwinKWXugyHfA=="
      },
      "MonoGame.Framework.DesktopGL": {
        "type": "Direct",
        "requested": "[3.8.4.1, )",
        "resolved": "3.8.4.1",
        "contentHash": "YybxIIT5+Ky78E/XdkS0glyluMr2EeDZwx2LqXULAOCqiKt1+aDrjPZaqLL5qpNgBcMEHUeZJ4YjWe4TAZlWLw==",
        "dependencies": {
          "MonoGame.Library.OpenAL": "1.24.3.2",
          "MonoGame.Library.SDL": "2.32.2.1",
          "NVorbis": "0.10.4"
        }
      },
      "MonoGame.Library.OpenAL": {
        "type": "Transitive",
        "resolved": "1.24.3.2",
        "contentHash": "nGRsXQXs+NSUC3C5w90hFQfyKdZPpBnHnyg2w+Dw/2pUH7s+CoRWTJNYbzzdJf3+aeUvfvG4rTbFvMKDDj5olA=="
      },
      "MonoGame.Library.SDL": {
        "type": "Transitive",
        "resolved": "2.32.2.1",
        "contentHash": "T4E2ppGlSTC2L9US1rxtdg3qTbarRzNId31xZoumUW9cf9Nq8nRQPMu9GzvZGrhfSySf0+UWPEj1rlicps+P/w=="
      },
      "NVorbis": {
        "type": "Transitive",
        "resolved": "0.10.4",
        "contentHash": "WYnil3DhQHzjCY0dM9I2B3r1vWip90AOuQd25KE4NrjPQBg0tBJFluRLm5YPnO5ZLDmwrfosY8jCQGQRmWI/Pg=="
      },
      "monorpgmaker.engine": {
        "type": "Project"
      }
    }
  }
}